{
	"name": "@sahilsharma2408/lerna-git-hosted-bar",
	"version": "2.1.4",
	"lockfileVersion": 1,
	"requires": true,
	"dependencies": {
		"@sahilsharma2408/lerna-git-hosted-foo": {
			"version": "git+ssh://git@github.com/sahilsharma2408/lerna-git-hosted-foo.git#e73b1fccb63a6a4e67e19250ecfebe8b8acb2cd9",
			"from": "git+ssh://git@github.com/sahilsharma2408/lerna-git-hosted-foo.git",
			"requires": {
				"lodash.snakecase": "^4.1.1"
			}
		},
		"lodash.snakecase": {
			"version": "4.1.1",
			"resolved": "https://registry.npmjs.org/lodash.snakecase/-/lodash.snakecase-4.1.1.tgz",
			"integrity": "sha1-OdcUo1NXFHg3rv1ktdy7Fr7Nj40="
		}
	}
}
